
Microsoft Visual Studio Solution File, Format Version 12.00
# Visual Studio Version 17
VisualStudioVersion = 17.1.32328.378
MinimumVisualStudioVersion = 10.0.40219.1
Project("{FAE04EC0-301F-11D3-BF4B-00C04F79EFBC}") = "WebApplication1", "WebApplication1\WebApplication1.csproj", "{91A2D648-8D91-488D-8B30-7EDE2F0C27BD}"
EndProject
Global
	GlobalSection(SolutionConfigurationPlatforms) = preSolution
		Debug|Any CPU = Debug|Any CPU
		Release|Any CPU = Release|Any CPU
	EndGlobalSection
	GlobalSection(ProjectConfigurationPlatforms) = postSolution
		{91A2D648-8D91-488D-8B30-7EDE2F0C27BD}.Debug|Any CPU.ActiveCfg = Debug|Any CPU
		{91A2D648-8D91-488D-8B30-7EDE2F0C27BD}.Debug|Any CPU.Build.0 = Debug|Any CPU
		{91A2D648-8D91-488D-8B30-7EDE2F0C27BD}.Release|Any CPU.ActiveCfg = Release|Any CPU
		{91A2D648-8D91-488D-8B30-7EDE2F0C27BD}.Release|Any CPU.Build.0 = Release|Any CPU
	EndGlobalSection
	GlobalSection(SolutionProperties) = preSolution
		HideSolutionNode = FALSE
	EndGlobalSection
	GlobalSection(ExtensibilityGlobals) = postSolution
		SolutionGuid = {91E9D14F-2EC4-4A46-B656-A15C86D8A764}
	EndGlobalSection
EndGlobal
